
Microsoft Visual Studio Solution File, Format Version 12.00
# Visual Studio Version 16
VisualStudioVersion = 16.0.31424.327
MinimumVisualStudioVersion = 10.0.40219.1
Project("{9A19103F-16F7-4668-BE54-9A1E7A4F7556}") = "Pract.Common", "Pract.common\Pract.Common.csproj", "{CA9749B6-5245-4042-884B-D9848B5A8A2A}"
EndProject
Project("{9A19103F-16F7-4668-BE54-9A1E7A4F7556}") = "Pract.Repository", "Pract.repository\Pract.Repository.csproj", "{05141721-F0A4-4B6F-A367-D57A9506412B}"
EndProject
Project("{9A19103F-16F7-4668-BE54-9A1E7A4F7556}") = "Pract.Services", "Pract.services\Pract.Services.csproj", "{4ADD6A95-DB12-42AB-8508-DC2FC8646897}"
EndProject
Project("{9A19103F-16F7-4668-BE54-9A1E7A4F7556}") = "Pract.API", "API\Pract.API.csproj", "{7E2B3A09-F426-4090-A184-D19177DE6608}"
EndProject
Global
	GlobalSection(SolutionConfigurationPlatforms) = preSolution
		Debug|Any CPU = Debug|Any CPU
		Release|Any CPU = Release|Any CPU
	EndGlobalSection
	GlobalSection(ProjectConfigurationPlatforms) = postSolution
		{CA9749B6-5245-4042-884B-D9848B5A8A2A}.Debug|Any CPU.ActiveCfg = Debug|Any CPU
		{CA9749B6-5245-4042-884B-D9848B5A8A2A}.Debug|Any CPU.Build.0 = Debug|Any CPU
		{CA9749B6-5245-4042-884B-D9848B5A8A2A}.Release|Any CPU.ActiveCfg = Release|Any CPU
		{CA9749B6-5245-4042-884B-D9848B5A8A2A}.Release|Any CPU.Build.0 = Release|Any CPU
		{05141721-F0A4-4B6F-A367-D57A9506412B}.Debug|Any CPU.ActiveCfg = Debug|Any CPU
		{05141721-F0A4-4B6F-A367-D57A9506412B}.Debug|Any CPU.Build.0 = Debug|Any CPU
		{05141721-F0A4-4B6F-A367-D57A9506412B}.Release|Any CPU.ActiveCfg = Release|Any CPU
		{05141721-F0A4-4B6F-A367-D57A9506412B}.Release|Any CPU.Build.0 = Release|Any CPU
		{4ADD6A95-DB12-42AB-8508-DC2FC8646897}.Debug|Any CPU.ActiveCfg = Debug|Any CPU
		{4ADD6A95-DB12-42AB-8508-DC2FC8646897}.Debug|Any CPU.Build.0 = Debug|Any CPU
		{4ADD6A95-DB12-42AB-8508-DC2FC8646897}.Release|Any CPU.ActiveCfg = Release|Any CPU
		{4ADD6A95-DB12-42AB-8508-DC2FC8646897}.Release|Any CPU.Build.0 = Release|Any CPU
		{7E2B3A09-F426-4090-A184-D19177DE6608}.Debug|Any CPU.ActiveCfg = Debug|Any CPU
		{7E2B3A09-F426-4090-A184-D19177DE6608}.Debug|Any CPU.Build.0 = Debug|Any CPU
		{7E2B3A09-F426-4090-A184-D19177DE6608}.Release|Any CPU.ActiveCfg = Release|Any CPU
		{7E2B3A09-F426-4090-A184-D19177DE6608}.Release|Any CPU.Build.0 = Release|Any CPU
	EndGlobalSection
	GlobalSection(SolutionProperties) = preSolution
		HideSolutionNode = FALSE
	EndGlobalSection
	GlobalSection(ExtensibilityGlobals) = postSolution
		SolutionGuid = {02362579-7F8F-4FDF-B131-7A3E0E6BD0C5}
	EndGlobalSection
EndGlobal
